// !$*UTF8*$!
{
	archiveVersion = 1;
	classes = {
	};
	objectVersion = 48;
	objects = {

/* Begin PBXBuildFile section */
		E960CB041FB091DE0008D12E /* OutputProcess.swift in Sources */ = {isa = PBXBuildFile; fileRef = E960CAB61FB091D30008D12E /* OutputProcess.swift */; };
		E960CB051FB091DE0008D12E /* RsyncScheduled.swift in Sources */ = {isa = PBXBuildFile; fileRef = E960CAB71FB091D30008D12E /* RsyncScheduled.swift */; };
		E960CB061FB091DE0008D12E /* Rsync.swift in Sources */ = {isa = PBXBuildFile; fileRef = E960CAB81FB091D30008D12E /* Rsync.swift */; };
		E960CB071FB091DE0008D12E /* ScheduleOperationTimer.swift in Sources */ = {isa = PBXBuildFile; fileRef = E960CAB91FB091D30008D12E /* ScheduleOperationTimer.swift */; };
		E960CB091FB091DE0008D12E /* ViewControllerProgressProcess.swift in Sources */ = {isa = PBXBuildFile; fileRef = E960CABB1FB091D30008D12E /* ViewControllerProgressProcess.swift */; };
		E960CB0A1FB091DE0008D12E /* ViewControllerScheduledBackupInWork.swift in Sources */ = {isa = PBXBuildFile; fileRef = E960CABC1FB091D30008D12E /* ViewControllerScheduledBackupInWork.swift */; };
		E960CB0B1FB091DE0008D12E /* Numbers.swift in Sources */ = {isa = PBXBuildFile; fileRef = E960CABD1FB091D30008D12E /* Numbers.swift */; };
		E960CB0C1FB091DE0008D12E /* ScheduleWriteLoggData.swift in Sources */ = {isa = PBXBuildFile; fileRef = E960CABE1FB091D40008D12E /* ScheduleWriteLoggData.swift */; };
		E960CB0D1FB091DE0008D12E /* Files.swift in Sources */ = {isa = PBXBuildFile; fileRef = E960CABF1FB091D40008D12E /* Files.swift */; };
		E960CB0E1FB091DE0008D12E /* RsyncParameters.swift in Sources */ = {isa = PBXBuildFile; fileRef = E960CAC01FB091D40008D12E /* RsyncParameters.swift */; };
		E960CB0F1FB091DE0008D12E /* ViewControllerExtensions.swift in Sources */ = {isa = PBXBuildFile; fileRef = E960CAC11FB091D40008D12E /* ViewControllerExtensions.swift */; };
		E960CB111FB091DE0008D12E /* Configuration.swift in Sources */ = {isa = PBXBuildFile; fileRef = E960CAC31FB091D40008D12E /* Configuration.swift */; };
		E960CB141FB091DE0008D12E /* Readwritefiles.swift in Sources */ = {isa = PBXBuildFile; fileRef = E960CAC61FB091D50008D12E /* Readwritefiles.swift */; };
		E960CB151FB091DE0008D12E /* ViewControllerAbout.swift in Sources */ = {isa = PBXBuildFile; fileRef = E960CAC71FB091D50008D12E /* ViewControllerAbout.swift */; };
		E960CB191FB091DE0008D12E /* ProcessCmd.swift in Sources */ = {isa = PBXBuildFile; fileRef = E960CACB1FB091D50008D12E /* ProcessCmd.swift */; };
		E960CB1A1FB091DE0008D12E /* RsyncProcessArguments.swift in Sources */ = {isa = PBXBuildFile; fileRef = E960CACC1FB091D50008D12E /* RsyncProcessArguments.swift */; };
		E960CB1B1FB091DE0008D12E /* FileDialog.swift in Sources */ = {isa = PBXBuildFile; fileRef = E960CACD1FB091D60008D12E /* FileDialog.swift */; };
		E960CB1C1FB091DE0008D12E /* ViewControllertabSchedule.swift in Sources */ = {isa = PBXBuildFile; fileRef = E960CACE1FB091D60008D12E /* ViewControllertabSchedule.swift */; };
		E960CB1D1FB091DE0008D12E /* ViewControllerUserconfiguration.swift in Sources */ = {isa = PBXBuildFile; fileRef = E960CACF1FB091D60008D12E /* ViewControllerUserconfiguration.swift */; };
		E960CB1F1FB091DE0008D12E /* BatchTaskWorkQueu.swift in Sources */ = {isa = PBXBuildFile; fileRef = E960CAD11FB091D60008D12E /* BatchTaskWorkQueu.swift */; };
		E960CB211FB091DE0008D12E /* Resources.swift in Sources */ = {isa = PBXBuildFile; fileRef = E960CAD31FB091D70008D12E /* Resources.swift */; };
		E960CB231FB091DE0008D12E /* ViewControllerNewVersion.swift in Sources */ = {isa = PBXBuildFile; fileRef = E960CAD51FB091D70008D12E /* ViewControllerNewVersion.swift */; };
		E960CB251FB091DE0008D12E /* ViewControllerInformation.swift in Sources */ = {isa = PBXBuildFile; fileRef = E960CAD71FB091D80008D12E /* ViewControllerInformation.swift */; };
		E960CB261FB091DE0008D12E /* ViewControllerProfile.swift in Sources */ = {isa = PBXBuildFile; fileRef = E960CAD81FB091D80008D12E /* ViewControllerProfile.swift */; };
		E960CB271FB091DE0008D12E /* ExecuteTaskTimer.swift in Sources */ = {isa = PBXBuildFile; fileRef = E960CAD91FB091D80008D12E /* ExecuteTaskTimer.swift */; };
		E960CB281FB091DE0008D12E /* ArgumentsOneConfiguration.swift in Sources */ = {isa = PBXBuildFile; fileRef = E960CADA1FB091D80008D12E /* ArgumentsOneConfiguration.swift */; };
		E960CB291FB091DE0008D12E /* BatchTask.swift in Sources */ = {isa = PBXBuildFile; fileRef = E960CADB1FB091D80008D12E /* BatchTask.swift */; };
		E960CB2A1FB091DE0008D12E /* Tools.swift in Sources */ = {isa = PBXBuildFile; fileRef = E960CADC1FB091D80008D12E /* Tools.swift */; };
		E960CB2B1FB091DE0008D12E /* SingleTaskWorkQueu.swift in Sources */ = {isa = PBXBuildFile; fileRef = E960CADD1FB091D90008D12E /* SingleTaskWorkQueu.swift */; };
		E960CB2C1FB091DE0008D12E /* Userconfiguration.swift in Sources */ = {isa = PBXBuildFile; fileRef = E960CADE1FB091D90008D12E /* Userconfiguration.swift */; };
		E960CB2D1FB091DE0008D12E /* Alerts.swift in Sources */ = {isa = PBXBuildFile; fileRef = E960CADF1FB091D90008D12E /* Alerts.swift */; };
		E960CB2E1FB091DE0008D12E /* InfoSchedulesSortedAndExpanded.swift in Sources */ = {isa = PBXBuildFile; fileRef = E960CAE01FB091D90008D12E /* InfoSchedulesSortedAndExpanded.swift */; };
		E960CB2F1FB091DE0008D12E /* OperationFactory.swift in Sources */ = {isa = PBXBuildFile; fileRef = E960CAE11FB091D90008D12E /* OperationFactory.swift */; };
		E960CB311FB091DE0008D12E /* ViewControllerReference.swift in Sources */ = {isa = PBXBuildFile; fileRef = E960CAE31FB091DA0008D12E /* ViewControllerReference.swift */; };
		E960CB321FB091DE0008D12E /* ViewControllerScheduleDetails.swift in Sources */ = {isa = PBXBuildFile; fileRef = E960CAE41FB091DA0008D12E /* ViewControllerScheduleDetails.swift */; };
		E960CB331FB091DE0008D12E /* PersistentStorageUserconfiguration.swift in Sources */ = {isa = PBXBuildFile; fileRef = E960CAE51FB091DA0008D12E /* PersistentStorageUserconfiguration.swift */; };
		E960CB341FB091DE0008D12E /* ViewControllerNewConfigurations.swift in Sources */ = {isa = PBXBuildFile; fileRef = E960CAE61FB091DA0008D12E /* ViewControllerNewConfigurations.swift */; };
		E960CB351FB091DE0008D12E /* Checkfornewversion.swift in Sources */ = {isa = PBXBuildFile; fileRef = E960CAE71FB091DA0008D12E /* Checkfornewversion.swift */; };
		E960CB361FB091DE0008D12E /* Configurations.swift in Sources */ = {isa = PBXBuildFile; fileRef = E960CAE81FB091DA0008D12E /* Configurations.swift */; };
		E960CB371FB091DE0008D12E /* OutputBatch.swift in Sources */ = {isa = PBXBuildFile; fileRef = E960CAE91FB091DA0008D12E /* OutputBatch.swift */; };
		E960CB381FB091DE0008D12E /* PersistentStorageConfiguration.swift in Sources */ = {isa = PBXBuildFile; fileRef = E960CAEA1FB091DA0008D12E /* PersistentStorageConfiguration.swift */; };
		E960CB3A1FB091DE0008D12E /* ScheduleLoggData.swift in Sources */ = {isa = PBXBuildFile; fileRef = E960CAEC1FB091DB0008D12E /* ScheduleLoggData.swift */; };
		E960CB3C1FB091DE0008D12E /* ViewControllerEdit.swift in Sources */ = {isa = PBXBuildFile; fileRef = E960CAEE1FB091DB0008D12E /* ViewControllerEdit.swift */; };
		E960CB3D1FB091DE0008D12E /* ViewControllerLoggData.swift in Sources */ = {isa = PBXBuildFile; fileRef = E960CAEF1FB091DB0008D12E /* ViewControllerLoggData.swift */; };
		E960CB3E1FB091DE0008D12E /* Schedules.swift in Sources */ = {isa = PBXBuildFile; fileRef = E960CAF01FB091DB0008D12E /* Schedules.swift */; };
		E960CB3F1FB091DE0008D12E /* ExecuteTaskDispatch.swift in Sources */ = {isa = PBXBuildFile; fileRef = E960CAF11FB091DC0008D12E /* ExecuteTaskDispatch.swift */; };
		E960CB401FB091DE0008D12E /* ViewControllerRsyncParameters.swift in Sources */ = {isa = PBXBuildFile; fileRef = E960CAF21FB091DC0008D12E /* ViewControllerRsyncParameters.swift */; };
		E960CB411FB091DE0008D12E /* ConfigurationSchedule.swift in Sources */ = {isa = PBXBuildFile; fileRef = E960CAF31FB091DC0008D12E /* ConfigurationSchedule.swift */; };
		E960CB431FB091DE0008D12E /* PersistentStorageScheduling.swift in Sources */ = {isa = PBXBuildFile; fileRef = E960CAF51FB091DC0008D12E /* PersistentStorageScheduling.swift */; };
		E960CB441FB091DE0008D12E /* ScheduleSortedAndExpanded.swift in Sources */ = {isa = PBXBuildFile; fileRef = E960CAF61FB091DC0008D12E /* ScheduleSortedAndExpanded.swift */; };
		E960CB451FB091DE0008D12E /* CompleteScheduledOperation.swift in Sources */ = {isa = PBXBuildFile; fileRef = E960CAF71FB091DC0008D12E /* CompleteScheduledOperation.swift */; };
		E960CB461FB091DE0008D12E /* Profiles.swift in Sources */ = {isa = PBXBuildFile; fileRef = E960CAF81FB091DD0008D12E /* Profiles.swift */; };
		E960CB481FB091DE0008D12E /* PersistentStorageAPI.swift in Sources */ = {isa = PBXBuildFile; fileRef = E960CAFA1FB091DD0008D12E /* PersistentStorageAPI.swift */; };
		E960CB491FB091DE0008D12E /* ScheduleOperationDispatch.swift in Sources */ = {isa = PBXBuildFile; fileRef = E960CAFB1FB091DD0008D12E /* ScheduleOperationDispatch.swift */; };
		E960CB4A1FB091DE0008D12E /* ViewControllerBatch.swift in Sources */ = {isa = PBXBuildFile; fileRef = E960CAFC1FB091DD0008D12E /* ViewControllerBatch.swift */; };
		E960CB4C1FB091DE0008D12E /* ViewControllertabMain.swift in Sources */ = {isa = PBXBuildFile; fileRef = E960CAFE1FB091DD0008D12E /* ViewControllertabMain.swift */; };
		E960CB4E1FB091DE0008D12E /* NewConfigurations.swift in Sources */ = {isa = PBXBuildFile; fileRef = E960CB001FB091DE0008D12E /* NewConfigurations.swift */; };
		E960CB501FB091DE0008D12E /* SingleTask.swift in Sources */ = {isa = PBXBuildFile; fileRef = E960CB021FB091DE0008D12E /* SingleTask.swift */; };
		E99AA3831FAFA28900C1E86A /* AppDelegate.swift in Sources */ = {isa = PBXBuildFile; fileRef = E99AA3821FAFA28900C1E86A /* AppDelegate.swift */; };
		E99AA3871FAFA28900C1E86A /* Assets.xcassets in Resources */ = {isa = PBXBuildFile; fileRef = E99AA3861FAFA28900C1E86A /* Assets.xcassets */; };
		E99AA38A1FAFA28900C1E86A /* Main.storyboard in Resources */ = {isa = PBXBuildFile; fileRef = E99AA3881FAFA28900C1E86A /* Main.storyboard */; };
		E9D1F19F1FB49C3B0099D25C /* CloudServices.swift in Sources */ = {isa = PBXBuildFile; fileRef = E9D1F19E1FB49C3B0099D25C /* CloudServices.swift */; };
		E9D1F1A21FB49DB60099D25C /* GetCloudServices.swift in Sources */ = {isa = PBXBuildFile; fileRef = E9D1F1A11FB49DB60099D25C /* GetCloudServices.swift */; };
/* End PBXBuildFile section */

/* Begin PBXFileReference section */
		E960CAB51FB091D20008D12E /* rcloneosx-Bridging-Header.h */ = {isa = PBXFileReference; lastKnownFileType = sourcecode.c.h; path = "rcloneosx-Bridging-Header.h"; sourceTree = "<group>"; };
		E960CAB61FB091D30008D12E /* OutputProcess.swift */ = {isa = PBXFileReference; fileEncoding = 4; lastKnownFileType = sourcecode.swift; path = OutputProcess.swift; sourceTree = "<group>"; };
		E960CAB71FB091D30008D12E /* RsyncScheduled.swift */ = {isa = PBXFileReference; fileEncoding = 4; lastKnownFileType = sourcecode.swift; path = RsyncScheduled.swift; sourceTree = "<group>"; };
		E960CAB81FB091D30008D12E /* Rsync.swift */ = {isa = PBXFileReference; fileEncoding = 4; lastKnownFileType = sourcecode.swift; path = Rsync.swift; sourceTree = "<group>"; };
		E960CAB91FB091D30008D12E /* ScheduleOperationTimer.swift */ = {isa = PBXFileReference; fileEncoding = 4; lastKnownFileType = sourcecode.swift; path = ScheduleOperationTimer.swift; sourceTree = "<group>"; };
		E960CABB1FB091D30008D12E /* ViewControllerProgressProcess.swift */ = {isa = PBXFileReference; fileEncoding = 4; lastKnownFileType = sourcecode.swift; path = ViewControllerProgressProcess.swift; sourceTree = "<group>"; };
		E960CABC1FB091D30008D12E /* ViewControllerScheduledBackupInWork.swift */ = {isa = PBXFileReference; fileEncoding = 4; lastKnownFileType = sourcecode.swift; path = ViewControllerScheduledBackupInWork.swift; sourceTree = "<group>"; };
		E960CABD1FB091D30008D12E /* Numbers.swift */ = {isa = PBXFileReference; fileEncoding = 4; lastKnownFileType = sourcecode.swift; path = Numbers.swift; sourceTree = "<group>"; };
		E960CABE1FB091D40008D12E /* ScheduleWriteLoggData.swift */ = {isa = PBXFileReference; fileEncoding = 4; lastKnownFileType = sourcecode.swift; path = ScheduleWriteLoggData.swift; sourceTree = "<group>"; };
		E960CABF1FB091D40008D12E /* Files.swift */ = {isa = PBXFileReference; fileEncoding = 4; lastKnownFileType = sourcecode.swift; path = Files.swift; sourceTree = "<group>"; };
		E960CAC01FB091D40008D12E /* RsyncParameters.swift */ = {isa = PBXFileReference; fileEncoding = 4; lastKnownFileType = sourcecode.swift; path = RsyncParameters.swift; sourceTree = "<group>"; };
		E960CAC11FB091D40008D12E /* ViewControllerExtensions.swift */ = {isa = PBXFileReference; fileEncoding = 4; lastKnownFileType = sourcecode.swift; path = ViewControllerExtensions.swift; sourceTree = "<group>"; };
		E960CAC31FB091D40008D12E /* Configuration.swift */ = {isa = PBXFileReference; fileEncoding = 4; lastKnownFileType = sourcecode.swift; path = Configuration.swift; sourceTree = "<group>"; };
		E960CAC61FB091D50008D12E /* Readwritefiles.swift */ = {isa = PBXFileReference; fileEncoding = 4; lastKnownFileType = sourcecode.swift; path = Readwritefiles.swift; sourceTree = "<group>"; };
		E960CAC71FB091D50008D12E /* ViewControllerAbout.swift */ = {isa = PBXFileReference; fileEncoding = 4; lastKnownFileType = sourcecode.swift; path = ViewControllerAbout.swift; sourceTree = "<group>"; };
		E960CACB1FB091D50008D12E /* ProcessCmd.swift */ = {isa = PBXFileReference; fileEncoding = 4; lastKnownFileType = sourcecode.swift; path = ProcessCmd.swift; sourceTree = "<group>"; };
		E960CACC1FB091D50008D12E /* RsyncProcessArguments.swift */ = {isa = PBXFileReference; fileEncoding = 4; lastKnownFileType = sourcecode.swift; path = RsyncProcessArguments.swift; sourceTree = "<group>"; };
		E960CACD1FB091D60008D12E /* FileDialog.swift */ = {isa = PBXFileReference; fileEncoding = 4; lastKnownFileType = sourcecode.swift; path = FileDialog.swift; sourceTree = "<group>"; };
		E960CACE1FB091D60008D12E /* ViewControllertabSchedule.swift */ = {isa = PBXFileReference; fileEncoding = 4; lastKnownFileType = sourcecode.swift; path = ViewControllertabSchedule.swift; sourceTree = "<group>"; };
		E960CACF1FB091D60008D12E /* ViewControllerUserconfiguration.swift */ = {isa = PBXFileReference; fileEncoding = 4; lastKnownFileType = sourcecode.swift; path = ViewControllerUserconfiguration.swift; sourceTree = "<group>"; };
		E960CAD11FB091D60008D12E /* BatchTaskWorkQueu.swift */ = {isa = PBXFileReference; fileEncoding = 4; lastKnownFileType = sourcecode.swift; path = BatchTaskWorkQueu.swift; sourceTree = "<group>"; };
		E960CAD31FB091D70008D12E /* Resources.swift */ = {isa = PBXFileReference; fileEncoding = 4; lastKnownFileType = sourcecode.swift; path = Resources.swift; sourceTree = "<group>"; };
		E960CAD51FB091D70008D12E /* ViewControllerNewVersion.swift */ = {isa = PBXFileReference; fileEncoding = 4; lastKnownFileType = sourcecode.swift; path = ViewControllerNewVersion.swift; sourceTree = "<group>"; };
		E960CAD71FB091D80008D12E /* ViewControllerInformation.swift */ = {isa = PBXFileReference; fileEncoding = 4; lastKnownFileType = sourcecode.swift; path = ViewControllerInformation.swift; sourceTree = "<group>"; };
		E960CAD81FB091D80008D12E /* ViewControllerProfile.swift */ = {isa = PBXFileReference; fileEncoding = 4; lastKnownFileType = sourcecode.swift; path = ViewControllerProfile.swift; sourceTree = "<group>"; };
		E960CAD91FB091D80008D12E /* ExecuteTaskTimer.swift */ = {isa = PBXFileReference; fileEncoding = 4; lastKnownFileType = sourcecode.swift; path = ExecuteTaskTimer.swift; sourceTree = "<group>"; };
		E960CADA1FB091D80008D12E /* ArgumentsOneConfiguration.swift */ = {isa = PBXFileReference; fileEncoding = 4; lastKnownFileType = sourcecode.swift; path = ArgumentsOneConfiguration.swift; sourceTree = "<group>"; };
		E960CADB1FB091D80008D12E /* BatchTask.swift */ = {isa = PBXFileReference; fileEncoding = 4; lastKnownFileType = sourcecode.swift; path = BatchTask.swift; sourceTree = "<group>"; };
		E960CADC1FB091D80008D12E /* Tools.swift */ = {isa = PBXFileReference; fileEncoding = 4; lastKnownFileType = sourcecode.swift; path = Tools.swift; sourceTree = "<group>"; };
		E960CADD1FB091D90008D12E /* SingleTaskWorkQueu.swift */ = {isa = PBXFileReference; fileEncoding = 4; lastKnownFileType = sourcecode.swift; path = SingleTaskWorkQueu.swift; sourceTree = "<group>"; };
		E960CADE1FB091D90008D12E /* Userconfiguration.swift */ = {isa = PBXFileReference; fileEncoding = 4; lastKnownFileType = sourcecode.swift; path = Userconfiguration.swift; sourceTree = "<group>"; };
		E960CADF1FB091D90008D12E /* Alerts.swift */ = {isa = PBXFileReference; fileEncoding = 4; lastKnownFileType = sourcecode.swift; path = Alerts.swift; sourceTree = "<group>"; };
		E960CAE01FB091D90008D12E /* InfoSchedulesSortedAndExpanded.swift */ = {isa = PBXFileReference; fileEncoding = 4; lastKnownFileType = sourcecode.swift; path = InfoSchedulesSortedAndExpanded.swift; sourceTree = "<group>"; };
		E960CAE11FB091D90008D12E /* OperationFactory.swift */ = {isa = PBXFileReference; fileEncoding = 4; lastKnownFileType = sourcecode.swift; path = OperationFactory.swift; sourceTree = "<group>"; };
		E960CAE31FB091DA0008D12E /* ViewControllerReference.swift */ = {isa = PBXFileReference; fileEncoding = 4; lastKnownFileType = sourcecode.swift; path = ViewControllerReference.swift; sourceTree = "<group>"; };
		E960CAE41FB091DA0008D12E /* ViewControllerScheduleDetails.swift */ = {isa = PBXFileReference; fileEncoding = 4; lastKnownFileType = sourcecode.swift; path = ViewControllerScheduleDetails.swift; sourceTree = "<group>"; };
		E960CAE51FB091DA0008D12E /* PersistentStorageUserconfiguration.swift */ = {isa = PBXFileReference; fileEncoding = 4; lastKnownFileType = sourcecode.swift; path = PersistentStorageUserconfiguration.swift; sourceTree = "<group>"; };
		E960CAE61FB091DA0008D12E /* ViewControllerNewConfigurations.swift */ = {isa = PBXFileReference; fileEncoding = 4; lastKnownFileType = sourcecode.swift; path = ViewControllerNewConfigurations.swift; sourceTree = "<group>"; };
		E960CAE71FB091DA0008D12E /* Checkfornewversion.swift */ = {isa = PBXFileReference; fileEncoding = 4; lastKnownFileType = sourcecode.swift; path = Checkfornewversion.swift; sourceTree = "<group>"; };
		E960CAE81FB091DA0008D12E /* Configurations.swift */ = {isa = PBXFileReference; fileEncoding = 4; lastKnownFileType = sourcecode.swift; path = Configurations.swift; sourceTree = "<group>"; };
		E960CAE91FB091DA0008D12E /* OutputBatch.swift */ = {isa = PBXFileReference; fileEncoding = 4; lastKnownFileType = sourcecode.swift; path = OutputBatch.swift; sourceTree = "<group>"; };
		E960CAEA1FB091DA0008D12E /* PersistentStorageConfiguration.swift */ = {isa = PBXFileReference; fileEncoding = 4; lastKnownFileType = sourcecode.swift; path = PersistentStorageConfiguration.swift; sourceTree = "<group>"; };
		E960CAEC1FB091DB0008D12E /* ScheduleLoggData.swift */ = {isa = PBXFileReference; fileEncoding = 4; lastKnownFileType = sourcecode.swift; path = ScheduleLoggData.swift; sourceTree = "<group>"; };
		E960CAEE1FB091DB0008D12E /* ViewControllerEdit.swift */ = {isa = PBXFileReference; fileEncoding = 4; lastKnownFileType = sourcecode.swift; path = ViewControllerEdit.swift; sourceTree = "<group>"; };
		E960CAEF1FB091DB0008D12E /* ViewControllerLoggData.swift */ = {isa = PBXFileReference; fileEncoding = 4; lastKnownFileType = sourcecode.swift; path = ViewControllerLoggData.swift; sourceTree = "<group>"; };
		E960CAF01FB091DB0008D12E /* Schedules.swift */ = {isa = PBXFileReference; fileEncoding = 4; lastKnownFileType = sourcecode.swift; path = Schedules.swift; sourceTree = "<group>"; };
		E960CAF11FB091DC0008D12E /* ExecuteTaskDispatch.swift */ = {isa = PBXFileReference; fileEncoding = 4; lastKnownFileType = sourcecode.swift; path = ExecuteTaskDispatch.swift; sourceTree = "<group>"; };
		E960CAF21FB091DC0008D12E /* ViewControllerRsyncParameters.swift */ = {isa = PBXFileReference; fileEncoding = 4; lastKnownFileType = sourcecode.swift; path = ViewControllerRsyncParameters.swift; sourceTree = "<group>"; };
		E960CAF31FB091DC0008D12E /* ConfigurationSchedule.swift */ = {isa = PBXFileReference; fileEncoding = 4; lastKnownFileType = sourcecode.swift; path = ConfigurationSchedule.swift; sourceTree = "<group>"; };
		E960CAF51FB091DC0008D12E /* PersistentStorageScheduling.swift */ = {isa = PBXFileReference; fileEncoding = 4; lastKnownFileType = sourcecode.swift; path = PersistentStorageScheduling.swift; sourceTree = "<group>"; };
		E960CAF61FB091DC0008D12E /* ScheduleSortedAndExpanded.swift */ = {isa = PBXFileReference; fileEncoding = 4; lastKnownFileType = sourcecode.swift; path = ScheduleSortedAndExpanded.swift; sourceTree = "<group>"; };
		E960CAF71FB091DC0008D12E /* CompleteScheduledOperation.swift */ = {isa = PBXFileReference; fileEncoding = 4; lastKnownFileType = sourcecode.swift; path = CompleteScheduledOperation.swift; sourceTree = "<group>"; };
		E960CAF81FB091DD0008D12E /* Profiles.swift */ = {isa = PBXFileReference; fileEncoding = 4; lastKnownFileType = sourcecode.swift; path = Profiles.swift; sourceTree = "<group>"; };
		E960CAFA1FB091DD0008D12E /* PersistentStorageAPI.swift */ = {isa = PBXFileReference; fileEncoding = 4; lastKnownFileType = sourcecode.swift; path = PersistentStorageAPI.swift; sourceTree = "<group>"; };
		E960CAFB1FB091DD0008D12E /* ScheduleOperationDispatch.swift */ = {isa = PBXFileReference; fileEncoding = 4; lastKnownFileType = sourcecode.swift; path = ScheduleOperationDispatch.swift; sourceTree = "<group>"; };
		E960CAFC1FB091DD0008D12E /* ViewControllerBatch.swift */ = {isa = PBXFileReference; fileEncoding = 4; lastKnownFileType = sourcecode.swift; path = ViewControllerBatch.swift; sourceTree = "<group>"; };
		E960CAFE1FB091DD0008D12E /* ViewControllertabMain.swift */ = {isa = PBXFileReference; fileEncoding = 4; lastKnownFileType = sourcecode.swift; path = ViewControllertabMain.swift; sourceTree = "<group>"; };
		E960CB001FB091DE0008D12E /* NewConfigurations.swift */ = {isa = PBXFileReference; fileEncoding = 4; lastKnownFileType = sourcecode.swift; path = NewConfigurations.swift; sourceTree = "<group>"; };
		E960CB021FB091DE0008D12E /* SingleTask.swift */ = {isa = PBXFileReference; fileEncoding = 4; lastKnownFileType = sourcecode.swift; path = SingleTask.swift; sourceTree = "<group>"; };
		E99AA37F1FAFA28900C1E86A /* rcloneosx.app */ = {isa = PBXFileReference; explicitFileType = wrapper.application; includeInIndex = 0; path = rcloneosx.app; sourceTree = BUILT_PRODUCTS_DIR; };
		E99AA3821FAFA28900C1E86A /* AppDelegate.swift */ = {isa = PBXFileReference; lastKnownFileType = sourcecode.swift; path = AppDelegate.swift; sourceTree = "<group>"; };
		E99AA3861FAFA28900C1E86A /* Assets.xcassets */ = {isa = PBXFileReference; lastKnownFileType = folder.assetcatalog; path = Assets.xcassets; sourceTree = "<group>"; };
		E99AA3891FAFA28900C1E86A /* Base */ = {isa = PBXFileReference; lastKnownFileType = file.storyboard; name = Base; path = Base.lproj/Main.storyboard; sourceTree = "<group>"; };
		E99AA38B1FAFA28900C1E86A /* Info.plist */ = {isa = PBXFileReference; lastKnownFileType = text.plist.xml; path = Info.plist; sourceTree = "<group>"; };
		E9D1F19E1FB49C3B0099D25C /* CloudServices.swift */ = {isa = PBXFileReference; lastKnownFileType = sourcecode.swift; path = CloudServices.swift; sourceTree = "<group>"; };
		E9D1F1A11FB49DB60099D25C /* GetCloudServices.swift */ = {isa = PBXFileReference; lastKnownFileType = sourcecode.swift; path = GetCloudServices.swift; sourceTree = "<group>"; };
/* End PBXFileReference section */

/* Begin PBXFrameworksBuildPhase section */
		E99AA37C1FAFA28900C1E86A /* Frameworks */ = {
			isa = PBXFrameworksBuildPhase;
			buildActionMask = 2147483647;
			files = (
			);
			runOnlyForDeploymentPostprocessing = 0;
		};
/* End PBXFrameworksBuildPhase section */

/* Begin PBXGroup section */
		E9482D1E1FB0AEAB00AFBB0D /* RcloneParameters */ = {
			isa = PBXGroup;
			children = (
				E960CAC01FB091D40008D12E /* RsyncParameters.swift */,
				E960CACC1FB091D50008D12E /* RsyncProcessArguments.swift */,
			);
			path = RcloneParameters;
			sourceTree = "<group>";
		};
		E9482D1F1FB0AEBA00AFBB0D /* Userprofile */ = {
			isa = PBXGroup;
			children = (
				E960CAF81FB091DD0008D12E /* Profiles.swift */,
			);
			path = Userprofile;
			sourceTree = "<group>";
		};
		E9482D201FB0AEC700AFBB0D /* ScheduleOperation */ = {
			isa = PBXGroup;
			children = (
				E960CAF71FB091DC0008D12E /* CompleteScheduledOperation.swift */,
				E960CAE11FB091D90008D12E /* OperationFactory.swift */,
				E9482D221FB0AEE200AFBB0D /* Dispatch */,
				E9482D211FB0AEDA00AFBB0D /* Timer */,
			);
			path = ScheduleOperation;
			sourceTree = "<group>";
		};
		E9482D211FB0AEDA00AFBB0D /* Timer */ = {
			isa = PBXGroup;
			children = (
				E960CAD91FB091D80008D12E /* ExecuteTaskTimer.swift */,
				E960CAB91FB091D30008D12E /* ScheduleOperationTimer.swift */,
			);
			path = Timer;
			sourceTree = "<group>";
		};
		E9482D221FB0AEE200AFBB0D /* Dispatch */ = {
			isa = PBXGroup;
			children = (
				E960CAF11FB091DC0008D12E /* ExecuteTaskDispatch.swift */,
				E960CAFB1FB091DD0008D12E /* ScheduleOperationDispatch.swift */,
			);
			path = Dispatch;
			sourceTree = "<group>";
		};
		E9482D231FB0AEF600AFBB0D /* Utils */ = {
			isa = PBXGroup;
			children = (
				E960CADF1FB091D90008D12E /* Alerts.swift */,
				E960CAE71FB091DA0008D12E /* Checkfornewversion.swift */,
				E960CACD1FB091D60008D12E /* FileDialog.swift */,
				E960CAD31FB091D70008D12E /* Resources.swift */,
				E960CADC1FB091D80008D12E /* Tools.swift */,
				E960CADE1FB091D90008D12E /* Userconfiguration.swift */,
			);
			path = Utils;
			sourceTree = "<group>";
		};
		E9482D241FB0AF4C00AFBB0D /* Execution */ = {
			isa = PBXGroup;
			children = (
				E960CADB1FB091D80008D12E /* BatchTask.swift */,
				E960CAD11FB091D60008D12E /* BatchTaskWorkQueu.swift */,
				E960CB021FB091DE0008D12E /* SingleTask.swift */,
				E960CADD1FB091D90008D12E /* SingleTaskWorkQueu.swift */,
			);
			path = Execution;
			sourceTree = "<group>";
		};
		E9482D251FB0B0BC00AFBB0D /* Process */ = {
			isa = PBXGroup;
			children = (
				E960CABD1FB091D30008D12E /* Numbers.swift */,
				E960CAB71FB091D30008D12E /* RsyncScheduled.swift */,
				E960CAB81FB091D30008D12E /* Rsync.swift */,
				E960CACB1FB091D50008D12E /* ProcessCmd.swift */,
				E960CAE91FB091DA0008D12E /* OutputBatch.swift */,
				E960CAB61FB091D30008D12E /* OutputProcess.swift */,
				E9D1F19E1FB49C3B0099D25C /* CloudServices.swift */,
			);
			path = Process;
			sourceTree = "<group>";
		};
		E9482D261FB0B10800AFBB0D /* ReadWriteFiles */ = {
			isa = PBXGroup;
			children = (
				E960CAC61FB091D50008D12E /* Readwritefiles.swift */,
				E960CABF1FB091D40008D12E /* Files.swift */,
			);
			path = ReadWriteFiles;
			sourceTree = "<group>";
		};
		E9482D271FB0B1A000AFBB0D /* Controller */ = {
			isa = PBXGroup;
			children = (
				E9B528C51FB2CE740075CF4D /* ViewControllerReferences */,
				E9482D2A1FB0B1E100AFBB0D /* Configurations */,
				E9482D291FB0B1D000AFBB0D /* Schedules */,
				E9482D281FB0B1C500AFBB0D /* Loggdata */,
			);
			path = Controller;
			sourceTree = "<group>";
		};
		E9482D281FB0B1C500AFBB0D /* Loggdata */ = {
			isa = PBXGroup;
			children = (
				E960CAEC1FB091DB0008D12E /* ScheduleLoggData.swift */,
				E960CABE1FB091D40008D12E /* ScheduleWriteLoggData.swift */,
			);
			path = Loggdata;
			sourceTree = "<group>";
		};
		E9482D291FB0B1D000AFBB0D /* Schedules */ = {
			isa = PBXGroup;
			children = (
				E960CAE01FB091D90008D12E /* InfoSchedulesSortedAndExpanded.swift */,
				E960CAF01FB091DB0008D12E /* Schedules.swift */,
				E960CAF61FB091DC0008D12E /* ScheduleSortedAndExpanded.swift */,
			);
			path = Schedules;
			sourceTree = "<group>";
		};
		E9482D2A1FB0B1E100AFBB0D /* Configurations */ = {
			isa = PBXGroup;
			children = (
				E960CB001FB091DE0008D12E /* NewConfigurations.swift */,
				E960CAE81FB091DA0008D12E /* Configurations.swift */,
			);
			path = Configurations;
			sourceTree = "<group>";
		};
		E9482D2B1FB0B2EA00AFBB0D /* PersistentStorage */ = {
			isa = PBXGroup;
			children = (
				E960CAFA1FB091DD0008D12E /* PersistentStorageAPI.swift */,
				E960CAEA1FB091DA0008D12E /* PersistentStorageConfiguration.swift */,
				E960CAF51FB091DC0008D12E /* PersistentStorageScheduling.swift */,
				E960CAE51FB091DA0008D12E /* PersistentStorageUserconfiguration.swift */,
			);
			path = PersistentStorage;
			sourceTree = "<group>";
		};
		E9482D2C1FB0B36B00AFBB0D /* Configuration */ = {
			isa = PBXGroup;
			children = (
				E960CADA1FB091D80008D12E /* ArgumentsOneConfiguration.swift */,
				E960CAC31FB091D40008D12E /* Configuration.swift */,
			);
			path = Configuration;
			sourceTree = "<group>";
		};
		E9482D2D1FB0B37500AFBB0D /* Schedule */ = {
			isa = PBXGroup;
			children = (
				E960CAF31FB091DC0008D12E /* ConfigurationSchedule.swift */,
			);
			path = Schedule;
			sourceTree = "<group>";
		};
		E960CB521FB092D40008D12E /* ViewControllers */ = {
			isa = PBXGroup;
			children = (
				E960CAC71FB091D50008D12E /* ViewControllerAbout.swift */,
				E960CAFC1FB091DD0008D12E /* ViewControllerBatch.swift */,
				E960CAEE1FB091DB0008D12E /* ViewControllerEdit.swift */,
				E960CAD71FB091D80008D12E /* ViewControllerInformation.swift */,
				E960CAEF1FB091DB0008D12E /* ViewControllerLoggData.swift */,
				E960CAE61FB091DA0008D12E /* ViewControllerNewConfigurations.swift */,
				E960CAD51FB091D70008D12E /* ViewControllerNewVersion.swift */,
				E960CAD81FB091D80008D12E /* ViewControllerProfile.swift */,
				E960CABB1FB091D30008D12E /* ViewControllerProgressProcess.swift */,
				E960CAF21FB091DC0008D12E /* ViewControllerRsyncParameters.swift */,
				E960CABC1FB091D30008D12E /* ViewControllerScheduledBackupInWork.swift */,
				E960CAE41FB091DA0008D12E /* ViewControllerScheduleDetails.swift */,
				E960CAFE1FB091DD0008D12E /* ViewControllertabMain.swift */,
				E960CACE1FB091D60008D12E /* ViewControllertabSchedule.swift */,
				E960CACF1FB091D60008D12E /* ViewControllerUserconfiguration.swift */,
			);
			path = ViewControllers;
			sourceTree = "<group>";
		};
		E960CB531FB092E70008D12E /* Model */ = {
			isa = PBXGroup;
			children = (
				E9D1F1A01FB49D870099D25C /* CloudServices */,
				E9482D2D1FB0B37500AFBB0D /* Schedule */,
				E9482D2C1FB0B36B00AFBB0D /* Configuration */,
				E9482D2B1FB0B2EA00AFBB0D /* PersistentStorage */,
				E9482D251FB0B0BC00AFBB0D /* Process */,
				E9482D241FB0AF4C00AFBB0D /* Execution */,
				E9482D231FB0AEF600AFBB0D /* Utils */,
				E9482D201FB0AEC700AFBB0D /* ScheduleOperation */,
				E9482D1F1FB0AEBA00AFBB0D /* Userprofile */,
				E9482D1E1FB0AEAB00AFBB0D /* RcloneParameters */,
				E9482D261FB0B10800AFBB0D /* ReadWriteFiles */,
			);
			path = Model;
			sourceTree = "<group>";
		};
		E99AA3761FAFA28900C1E86A = {
			isa = PBXGroup;
			children = (
				E99AA3811FAFA28900C1E86A /* rcloneosx */,
				E99AA3801FAFA28900C1E86A /* Products */,
			);
			sourceTree = "<group>";
		};
		E99AA3801FAFA28900C1E86A /* Products */ = {
			isa = PBXGroup;
			children = (
				E99AA37F1FAFA28900C1E86A /* rcloneosx.app */,
			);
			name = Products;
			sourceTree = "<group>";
		};
		E99AA3811FAFA28900C1E86A /* rcloneosx */ = {
			isa = PBXGroup;
			children = (
				E99AA3821FAFA28900C1E86A /* AppDelegate.swift */,
				E99AA3861FAFA28900C1E86A /* Assets.xcassets */,
				E99AA3881FAFA28900C1E86A /* Main.storyboard */,
				E960CB521FB092D40008D12E /* ViewControllers */,
				E9482D271FB0B1A000AFBB0D /* Controller */,
				E960CB531FB092E70008D12E /* Model */,
				E99AA38B1FAFA28900C1E86A /* Info.plist */,
				E960CAB51FB091D20008D12E /* rcloneosx-Bridging-Header.h */,
			);
			path = rcloneosx;
			sourceTree = "<group>";
		};
		E9B528C51FB2CE740075CF4D /* ViewControllerReferences */ = {
			isa = PBXGroup;
			children = (
				E960CAC11FB091D40008D12E /* ViewControllerExtensions.swift */,
				E960CAE31FB091DA0008D12E /* ViewControllerReference.swift */,
			);
			path = ViewControllerReferences;
			sourceTree = "<group>";
		};
		E9D1F1A01FB49D870099D25C /* CloudServices */ = {
			isa = PBXGroup;
			children = (
				E9D1F1A11FB49DB60099D25C /* GetCloudServices.swift */,
			);
			path = CloudServices;
			sourceTree = "<group>";
		};
/* End PBXGroup section */

/* Begin PBXNativeTarget section */
		E99AA37E1FAFA28900C1E86A /* rcloneosx */ = {
			isa = PBXNativeTarget;
			buildConfigurationList = E99AA38F1FAFA28900C1E86A /* Build configuration list for PBXNativeTarget "rcloneosx" */;
			buildPhases = (
				E99AA37B1FAFA28900C1E86A /* Sources */,
				E99AA37C1FAFA28900C1E86A /* Frameworks */,
				E99AA37D1FAFA28900C1E86A /* Resources */,
			);
			buildRules = (
			);
			dependencies = (
			);
			name = rcloneosx;
			productName = rcloneosx;
			productReference = E99AA37F1FAFA28900C1E86A /* rcloneosx.app */;
			productType = "com.apple.product-type.application";
		};
/* End PBXNativeTarget section */

/* Begin PBXProject section */
		E99AA3771FAFA28900C1E86A /* Project object */ = {
			isa = PBXProject;
			attributes = {
				LastSwiftUpdateCheck = 0910;
				LastUpgradeCheck = 0910;
				ORGANIZATIONNAME = "Thomas Evensen";
				TargetAttributes = {
					E99AA37E1FAFA28900C1E86A = {
						CreatedOnToolsVersion = 9.1;
						LastSwiftMigration = 0910;
						ProvisioningStyle = Automatic;
					};
				};
			};
			buildConfigurationList = E99AA37A1FAFA28900C1E86A /* Build configuration list for PBXProject "rcloneosx" */;
			compatibilityVersion = "Xcode 8.0";
			developmentRegion = en;
			hasScannedForEncodings = 0;
			knownRegions = (
				en,
				Base,
			);
			mainGroup = E99AA3761FAFA28900C1E86A;
			productRefGroup = E99AA3801FAFA28900C1E86A /* Products */;
			projectDirPath = "";
			projectRoot = "";
			targets = (
				E99AA37E1FAFA28900C1E86A /* rcloneosx */,
			);
		};
/* End PBXProject section */

/* Begin PBXResourcesBuildPhase section */
		E99AA37D1FAFA28900C1E86A /* Resources */ = {
			isa = PBXResourcesBuildPhase;
			buildActionMask = 2147483647;
			files = (
				E99AA3871FAFA28900C1E86A /* Assets.xcassets in Resources */,
				E99AA38A1FAFA28900C1E86A /* Main.storyboard in Resources */,
			);
			runOnlyForDeploymentPostprocessing = 0;
		};
/* End PBXResourcesBuildPhase section */

/* Begin PBXSourcesBuildPhase section */
		E99AA37B1FAFA28900C1E86A /* Sources */ = {
			isa = PBXSourcesBuildPhase;
			buildActionMask = 2147483647;
			files = (
				E960CB191FB091DE0008D12E /* ProcessCmd.swift in Sources */,
				E960CB1A1FB091DE0008D12E /* RsyncProcessArguments.swift in Sources */,
				E960CB4C1FB091DE0008D12E /* ViewControllertabMain.swift in Sources */,
				E960CB1C1FB091DE0008D12E /* ViewControllertabSchedule.swift in Sources */,
				E960CB071FB091DE0008D12E /* ScheduleOperationTimer.swift in Sources */,
				E960CB461FB091DE0008D12E /* Profiles.swift in Sources */,
				E960CB3C1FB091DE0008D12E /* ViewControllerEdit.swift in Sources */,
				E960CB0D1FB091DE0008D12E /* Files.swift in Sources */,
				E960CB091FB091DE0008D12E /* ViewControllerProgressProcess.swift in Sources */,
				E9D1F19F1FB49C3B0099D25C /* CloudServices.swift in Sources */,
				E960CB0F1FB091DE0008D12E /* ViewControllerExtensions.swift in Sources */,
				E960CB1F1FB091DE0008D12E /* BatchTaskWorkQueu.swift in Sources */,
				E960CB481FB091DE0008D12E /* PersistentStorageAPI.swift in Sources */,
				E960CB1B1FB091DE0008D12E /* FileDialog.swift in Sources */,
				E960CB491FB091DE0008D12E /* ScheduleOperationDispatch.swift in Sources */,
				E960CB2C1FB091DE0008D12E /* Userconfiguration.swift in Sources */,
				E960CB051FB091DE0008D12E /* RsyncScheduled.swift in Sources */,
				E960CB271FB091DE0008D12E /* ExecuteTaskTimer.swift in Sources */,
				E960CB111FB091DE0008D12E /* Configuration.swift in Sources */,
				E960CB381FB091DE0008D12E /* PersistentStorageConfiguration.swift in Sources */,
				E960CB4A1FB091DE0008D12E /* ViewControllerBatch.swift in Sources */,
				E960CB411FB091DE0008D12E /* ConfigurationSchedule.swift in Sources */,
				E960CB341FB091DE0008D12E /* ViewControllerNewConfigurations.swift in Sources */,
				E960CB321FB091DE0008D12E /* ViewControllerScheduleDetails.swift in Sources */,
				E960CB431FB091DE0008D12E /* PersistentStorageScheduling.swift in Sources */,
				E960CB0A1FB091DE0008D12E /* ViewControllerScheduledBackupInWork.swift in Sources */,
				E960CB151FB091DE0008D12E /* ViewControllerAbout.swift in Sources */,
				E960CB451FB091DE0008D12E /* CompleteScheduledOperation.swift in Sources */,
				E960CB3F1FB091DE0008D12E /* ExecuteTaskDispatch.swift in Sources */,
				E960CB141FB091DE0008D12E /* Readwritefiles.swift in Sources */,
				E960CB261FB091DE0008D12E /* ViewControllerProfile.swift in Sources */,
				E960CB371FB091DE0008D12E /* OutputBatch.swift in Sources */,
				E960CB211FB091DE0008D12E /* Resources.swift in Sources */,
				E960CB311FB091DE0008D12E /* ViewControllerReference.swift in Sources */,
				E9D1F1A21FB49DB60099D25C /* GetCloudServices.swift in Sources */,
				E960CB0C1FB091DE0008D12E /* ScheduleWriteLoggData.swift in Sources */,
				E960CB3A1FB091DE0008D12E /* ScheduleLoggData.swift in Sources */,
				E960CB0E1FB091DE0008D12E /* RsyncParameters.swift in Sources */,
				E960CB3D1FB091DE0008D12E /* ViewControllerLoggData.swift in Sources */,
				E960CB501FB091DE0008D12E /* SingleTask.swift in Sources */,
				E960CB2F1FB091DE0008D12E /* OperationFactory.swift in Sources */,
				E960CB061FB091DE0008D12E /* Rsync.swift in Sources */,
				E960CB361FB091DE0008D12E /* Configurations.swift in Sources */,
				E960CB041FB091DE0008D12E /* OutputProcess.swift in Sources */,
				E960CB251FB091DE0008D12E /* ViewControllerInformation.swift in Sources */,
				E960CB2B1FB091DE0008D12E /* SingleTaskWorkQueu.swift in Sources */,
				E960CB4E1FB091DE0008D12E /* NewConfigurations.swift in Sources */,
				E960CB2D1FB091DE0008D12E /* Alerts.swift in Sources */,
				E99AA3831FAFA28900C1E86A /* AppDelegate.swift in Sources */,
				E960CB0B1FB091DE0008D12E /* Numbers.swift in Sources */,
				E960CB231FB091DE0008D12E /* ViewControllerNewVersion.swift in Sources */,
				E960CB281FB091DE0008D12E /* ArgumentsOneConfiguration.swift in Sources */,
				E960CB441FB091DE0008D12E /* ScheduleSortedAndExpanded.swift in Sources */,
				E960CB401FB091DE0008D12E /* ViewControllerRsyncParameters.swift in Sources */,
				E960CB291FB091DE0008D12E /* BatchTask.swift in Sources */,
				E960CB2E1FB091DE0008D12E /* InfoSchedulesSortedAndExpanded.swift in Sources */,
				E960CB331FB091DE0008D12E /* PersistentStorageUserconfiguration.swift in Sources */,
				E960CB3E1FB091DE0008D12E /* Schedules.swift in Sources */,
				E960CB351FB091DE0008D12E /* Checkfornewversion.swift in Sources */,
				E960CB1D1FB091DE0008D12E /* ViewControllerUserconfiguration.swift in Sources */,
				E960CB2A1FB091DE0008D12E /* Tools.swift in Sources */,
			);
			runOnlyForDeploymentPostprocessing = 0;
		};
/* End PBXSourcesBuildPhase section */

/* Begin PBXVariantGroup section */
		E99AA3881FAFA28900C1E86A /* Main.storyboard */ = {
			isa = PBXVariantGroup;
			children = (
				E99AA3891FAFA28900C1E86A /* Base */,
			);
			name = Main.storyboard;
			sourceTree = "<group>";
		};
/* End PBXVariantGroup section */

/* Begin XCBuildConfiguration section */
		E99AA38D1FAFA28900C1E86A /* Debug */ = {
			isa = XCBuildConfiguration;
			buildSettings = {
				ALWAYS_SEARCH_USER_PATHS = NO;
				CLANG_ANALYZER_NONNULL = YES;
				CLANG_ANALYZER_NUMBER_OBJECT_CONVERSION = YES_AGGRESSIVE;
				CLANG_CXX_LANGUAGE_STANDARD = "gnu++14";
				CLANG_CXX_LIBRARY = "libc++";
				CLANG_ENABLE_MODULES = YES;
				CLANG_ENABLE_OBJC_ARC = YES;
				CLANG_WARN_BLOCK_CAPTURE_AUTORELEASING = YES;
				CLANG_WARN_BOOL_CONVERSION = YES;
				CLANG_WARN_COMMA = YES;
				CLANG_WARN_CONSTANT_CONVERSION = YES;
				CLANG_WARN_DIRECT_OBJC_ISA_USAGE = YES_ERROR;
				CLANG_WARN_DOCUMENTATION_COMMENTS = YES;
				CLANG_WARN_EMPTY_BODY = YES;
				CLANG_WARN_ENUM_CONVERSION = YES;
				CLANG_WARN_INFINITE_RECURSION = YES;
				CLANG_WARN_INT_CONVERSION = YES;
				CLANG_WARN_NON_LITERAL_NULL_CONVERSION = YES;
				CLANG_WARN_OBJC_LITERAL_CONVERSION = YES;
				CLANG_WARN_OBJC_ROOT_CLASS = YES_ERROR;
				CLANG_WARN_RANGE_LOOP_ANALYSIS = YES;
				CLANG_WARN_STRICT_PROTOTYPES = YES;
				CLANG_WARN_SUSPICIOUS_MOVE = YES;
				CLANG_WARN_UNGUARDED_AVAILABILITY = YES_AGGRESSIVE;
				CLANG_WARN_UNREACHABLE_CODE = YES;
				CLANG_WARN__DUPLICATE_METHOD_MATCH = YES;
				CODE_SIGN_IDENTITY = "Mac Developer";
				COPY_PHASE_STRIP = NO;
				DEBUG_INFORMATION_FORMAT = dwarf;
				ENABLE_STRICT_OBJC_MSGSEND = YES;
				ENABLE_TESTABILITY = YES;
				GCC_C_LANGUAGE_STANDARD = gnu11;
				GCC_DYNAMIC_NO_PIC = NO;
				GCC_NO_COMMON_BLOCKS = YES;
				GCC_OPTIMIZATION_LEVEL = 0;
				GCC_PREPROCESSOR_DEFINITIONS = (
					"DEBUG=1",
					"$(inherited)",
				);
				GCC_WARN_64_TO_32_BIT_CONVERSION = YES;
				GCC_WARN_ABOUT_RETURN_TYPE = YES_ERROR;
				GCC_WARN_UNDECLARED_SELECTOR = YES;
				GCC_WARN_UNINITIALIZED_AUTOS = YES_AGGRESSIVE;
				GCC_WARN_UNUSED_FUNCTION = YES;
				GCC_WARN_UNUSED_VARIABLE = YES;
				MACOSX_DEPLOYMENT_TARGET = 10.13;
				MTL_ENABLE_DEBUG_INFO = YES;
				ONLY_ACTIVE_ARCH = YES;
				SDKROOT = macosx;
				SWIFT_ACTIVE_COMPILATION_CONDITIONS = DEBUG;
				SWIFT_OPTIMIZATION_LEVEL = "-Onone";
			};
			name = Debug;
		};
		E99AA38E1FAFA28900C1E86A /* Release */ = {
			isa = XCBuildConfiguration;
			buildSettings = {
				ALWAYS_SEARCH_USER_PATHS = NO;
				CLANG_ANALYZER_NONNULL = YES;
				CLANG_ANALYZER_NUMBER_OBJECT_CONVERSION = YES_AGGRESSIVE;
				CLANG_CXX_LANGUAGE_STANDARD = "gnu++14";
				CLANG_CXX_LIBRARY = "libc++";
				CLANG_ENABLE_MODULES = YES;
				CLANG_ENABLE_OBJC_ARC = YES;
				CLANG_WARN_BLOCK_CAPTURE_AUTORELEASING = YES;
				CLANG_WARN_BOOL_CONVERSION = YES;
				CLANG_WARN_COMMA = YES;
				CLANG_WARN_CONSTANT_CONVERSION = YES;
				CLANG_WARN_DIRECT_OBJC_ISA_USAGE = YES_ERROR;
				CLANG_WARN_DOCUMENTATION_COMMENTS = YES;
				CLANG_WARN_EMPTY_BODY = YES;
				CLANG_WARN_ENUM_CONVERSION = YES;
				CLANG_WARN_INFINITE_RECURSION = YES;
				CLANG_WARN_INT_CONVERSION = YES;
				CLANG_WARN_NON_LITERAL_NULL_CONVERSION = YES;
				CLANG_WARN_OBJC_LITERAL_CONVERSION = YES;
				CLANG_WARN_OBJC_ROOT_CLASS = YES_ERROR;
				CLANG_WARN_RANGE_LOOP_ANALYSIS = YES;
				CLANG_WARN_STRICT_PROTOTYPES = YES;
				CLANG_WARN_SUSPICIOUS_MOVE = YES;
				CLANG_WARN_UNGUARDED_AVAILABILITY = YES_AGGRESSIVE;
				CLANG_WARN_UNREACHABLE_CODE = YES;
				CLANG_WARN__DUPLICATE_METHOD_MATCH = YES;
				CODE_SIGN_IDENTITY = "Mac Developer";
				COPY_PHASE_STRIP = NO;
				DEBUG_INFORMATION_FORMAT = "dwarf-with-dsym";
				ENABLE_NS_ASSERTIONS = NO;
				ENABLE_STRICT_OBJC_MSGSEND = YES;
				GCC_C_LANGUAGE_STANDARD = gnu11;
				GCC_NO_COMMON_BLOCKS = YES;
				GCC_WARN_64_TO_32_BIT_CONVERSION = YES;
				GCC_WARN_ABOUT_RETURN_TYPE = YES_ERROR;
				GCC_WARN_UNDECLARED_SELECTOR = YES;
				GCC_WARN_UNINITIALIZED_AUTOS = YES_AGGRESSIVE;
				GCC_WARN_UNUSED_FUNCTION = YES;
				GCC_WARN_UNUSED_VARIABLE = YES;
				MACOSX_DEPLOYMENT_TARGET = 10.13;
				MTL_ENABLE_DEBUG_INFO = NO;
				SDKROOT = macosx;
				SWIFT_OPTIMIZATION_LEVEL = "-Owholemodule";
			};
			name = Release;
		};
		E99AA3901FAFA28900C1E86A /* Debug */ = {
			isa = XCBuildConfiguration;
			buildSettings = {
				ASSETCATALOG_COMPILER_APPICON_NAME = AppIcon;
				CLANG_ENABLE_MODULES = YES;
				CODE_SIGN_STYLE = Automatic;
				COMBINE_HIDPI_IMAGES = YES;
				DEVELOPMENT_TEAM = 93M47F4H9T;
				INFOPLIST_FILE = rcloneosx/Info.plist;
				LD_RUNPATH_SEARCH_PATHS = "$(inherited) @executable_path/../Frameworks";
				MACOSX_DEPLOYMENT_TARGET = 10.11;
				PRODUCT_BUNDLE_IDENTIFIER = no.blogspot.rcloneosx;
				PRODUCT_NAME = "$(TARGET_NAME)";
				SWIFT_OBJC_BRIDGING_HEADER = "rcloneosx/rcloneosx-Bridging-Header.h";
				SWIFT_OPTIMIZATION_LEVEL = "-Onone";
				SWIFT_VERSION = 4.0;
			};
			name = Debug;
		};
		E99AA3911FAFA28900C1E86A /* Release */ = {
			isa = XCBuildConfiguration;
			buildSettings = {
				ASSETCATALOG_COMPILER_APPICON_NAME = AppIcon;
				CLANG_ENABLE_MODULES = YES;
				CODE_SIGN_STYLE = Automatic;
				COMBINE_HIDPI_IMAGES = YES;
				DEVELOPMENT_TEAM = 93M47F4H9T;
				INFOPLIST_FILE = rcloneosx/Info.plist;
				LD_RUNPATH_SEARCH_PATHS = "$(inherited) @executable_path/../Frameworks";
				MACOSX_DEPLOYMENT_TARGET = 10.11;
				PRODUCT_BUNDLE_IDENTIFIER = no.blogspot.rcloneosx;
				PRODUCT_NAME = "$(TARGET_NAME)";
				SWIFT_OBJC_BRIDGING_HEADER = "rcloneosx/rcloneosx-Bridging-Header.h";
				SWIFT_VERSION = 4.0;
			};
			name = Release;
		};
/* End XCBuildConfiguration section */

/* Begin XCConfigurationList section */
		E99AA37A1FAFA28900C1E86A /* Build configuration list for PBXProject "rcloneosx" */ = {
			isa = XCConfigurationList;
			buildConfigurations = (
				E99AA38D1FAFA28900C1E86A /* Debug */,
				E99AA38E1FAFA28900C1E86A /* Release */,
			);
			defaultConfigurationIsVisible = 0;
			defaultConfigurationName = Release;
		};
		E99AA38F1FAFA28900C1E86A /* Build configuration list for PBXNativeTarget "rcloneosx" */ = {
			isa = XCConfigurationList;
			buildConfigurations = (
				E99AA3901FAFA28900C1E86A /* Debug */,
				E99AA3911FAFA28900C1E86A /* Release */,
			);
			defaultConfigurationIsVisible = 0;
			defaultConfigurationName = Release;
		};
/* End XCConfigurationList section */
	};
	rootObject = E99AA3771FAFA28900C1E86A /* Project object */;
}
